<Solution>
  <Configurations>
    <Platform Name="x64" />
    <Platform Name="x86" />
  </Configurations>
  <Project Path="Step1/Step1.vcxproj" />
  <Project Path="Step2/Step2.vcxproj" />
  <Project Path="Step3/Step3.vcxproj" />
  <Project Path="Step4/Step4.vcxproj" />
  <Project Path="Step5/Step5.vcxproj" />
</Solution>
